
Microsoft Visual Studio Solution File, Format Version 12.00
# Visual Studio Version 17
VisualStudioVersion = 17.13.35818.85 d17.13
MinimumVisualStudioVersion = 10.0.40219.1
Project("{FAE04EC0-301F-11D3-BF4B-00C04F79EFBC}") = "Industry", "Industry\Industry.csproj", "{4CFE71F3-CC58-4DF6-992B-3A3E8D5124CF}"
EndProject
Global
	GlobalSection(SolutionConfigurationPlatforms) = preSolution
		Debug|Any CPU = Debug|Any CPU
		Release|Any CPU = Release|Any CPU
	EndGlobalSection
	GlobalSection(ProjectConfigurationPlatforms) = postSolution
		{4CFE71F3-CC58-4DF6-992B-3A3E8D5124CF}.Debug|Any CPU.ActiveCfg = Debug|Any CPU
		{4CFE71F3-CC58-4DF6-992B-3A3E8D5124CF}.Debug|Any CPU.Build.0 = Debug|Any CPU
		{4CFE71F3-CC58-4DF6-992B-3A3E8D5124CF}.Release|Any CPU.ActiveCfg = Release|Any CPU
		{4CFE71F3-CC58-4DF6-992B-3A3E8D5124CF}.Release|Any CPU.Build.0 = Release|Any CPU
	EndGlobalSection
	GlobalSection(SolutionProperties) = preSolution
		HideSolutionNode = FALSE
	EndGlobalSection
	GlobalSection(ExtensibilityGlobals) = postSolution
		SolutionGuid = {FDE2A1FE-466F-4A68-B5FC-51B8C34488F3}
	EndGlobalSection
EndGlobal
